
Microsoft Visual Studio Solution File, Format Version 12.00
# Visual Studio Version 16
VisualStudioVersion = 16.0.31410.357
MinimumVisualStudioVersion = 10.0.40219.1
Project("{9A19103F-16F7-4668-BE54-9A1E7A4F7556}") = "OrderManagement", "OrderManagement\OrderManagement.csproj", "{62956B15-AE79-4D7E-A465-DF32FBEE3871}"
EndProject
Project("{FAE04EC0-301F-11D3-BF4B-00C04F79EFBC}") = "OrderManagementAPI", "OrderManagementAPI\OrderManagementAPI.csproj", "{40E3465E-0119-4552-ADE0-FF1690E706B2}"
EndProject
Project("{FAE04EC0-301F-11D3-BF4B-00C04F79EFBC}") = "OrderManagement.Data", "OrderManagement.Data\OrderManagement.Data.csproj", "{998CA99C-88E0-46DF-8B15-325FB7949A62}"
EndProject
Global
	GlobalSection(SolutionConfigurationPlatforms) = preSolution
		Debug|Any CPU = Debug|Any CPU
		Release|Any CPU = Release|Any CPU
	EndGlobalSection
	GlobalSection(ProjectConfigurationPlatforms) = postSolution
		{62956B15-AE79-4D7E-A465-DF32FBEE3871}.Debug|Any CPU.ActiveCfg = Debug|Any CPU
		{62956B15-AE79-4D7E-A465-DF32FBEE3871}.Debug|Any CPU.Build.0 = Debug|Any CPU
		{62956B15-AE79-4D7E-A465-DF32FBEE3871}.Release|Any CPU.ActiveCfg = Release|Any CPU
		{62956B15-AE79-4D7E-A465-DF32FBEE3871}.Release|Any CPU.Build.0 = Release|Any CPU
		{40E3465E-0119-4552-ADE0-FF1690E706B2}.Debug|Any CPU.ActiveCfg = Debug|Any CPU
		{40E3465E-0119-4552-ADE0-FF1690E706B2}.Debug|Any CPU.Build.0 = Debug|Any CPU
		{40E3465E-0119-4552-ADE0-FF1690E706B2}.Release|Any CPU.ActiveCfg = Release|Any CPU
		{40E3465E-0119-4552-ADE0-FF1690E706B2}.Release|Any CPU.Build.0 = Release|Any CPU
		{998CA99C-88E0-46DF-8B15-325FB7949A62}.Debug|Any CPU.ActiveCfg = Debug|Any CPU
		{998CA99C-88E0-46DF-8B15-325FB7949A62}.Debug|Any CPU.Build.0 = Debug|Any CPU
		{998CA99C-88E0-46DF-8B15-325FB7949A62}.Release|Any CPU.ActiveCfg = Release|Any CPU
		{998CA99C-88E0-46DF-8B15-325FB7949A62}.Release|Any CPU.Build.0 = Release|Any CPU
	EndGlobalSection
	GlobalSection(SolutionProperties) = preSolution
		HideSolutionNode = FALSE
	EndGlobalSection
	GlobalSection(ExtensibilityGlobals) = postSolution
		SolutionGuid = {0119A924-DF70-44FB-BE54-AEC5B9D6977A}
	EndGlobalSection
EndGlobal
